{
  "nodes": {
    "bufdelete-nvim": {
      "flake": false,
      "locked": {
        "lastModified": 1653205505,
        "narHash": "sha256-HA51CIGFeB1oiAXnx25u0uBnnGKugBmbsFR0v9VK1fw=",
        "owner": "famiu",
        "repo": "bufdelete.nvim",
        "rev": "46255e4a76c4fb450a94885527f5e58a7d96983c",
        "type": "github"
      },
      "original": {
        "owner": "famiu",
        "repo": "bufdelete.nvim",
        "type": "github"
      }
    },
    "cmp-buffer": {
      "flake": false,
      "locked": {
        "lastModified": 1652074301,
        "narHash": "sha256-jxtrPAhI8v0a9gmSlRZWFLyH3JYcmyLaV9fDnBHvy4U=",
        "owner": "hrsh7th",
        "repo": "cmp-buffer",
        "rev": "12463cfcd9b14052f9effccbf1d84caa7a2d57f0",
        "type": "github"
      },
      "original": {
        "owner": "hrsh7th",
        "repo": "cmp-buffer",
        "type": "github"
      }
    },
    "cmp-nvim-lsp": {
      "flake": false,
      "locked": {
        "lastModified": 1652705110,
        "narHash": "sha256-19Ka4EQhqo//IMjJ/DnXiHsevVWFy2M90oSjmBFfCO0=",
        "owner": "hrsh7th",
        "repo": "cmp-nvim-lsp",
        "rev": "affe808a5c56b71630f17aa7c38e15c59fd648a8",
        "type": "github"
      },
      "original": {
        "owner": "hrsh7th",
        "repo": "cmp-nvim-lsp",
        "type": "github"
      }
    },
    "cmp-path": {
      "flake": false,
      "locked": {
        "lastModified": 1643823794,
        "narHash": "sha256-xYzTpqVKpBBnajqqRRzAXlHAC13VGK1D9mFr3bntepY=",
        "owner": "hrsh7th",
        "repo": "cmp-path",
        "rev": "466b6b8270f7ba89abd59f402c73f63c7331ff6e",
        "type": "github"
      },
      "original": {
        "owner": "hrsh7th",
        "repo": "cmp-path",
        "type": "github"
      }
    },
    "cmp-treesitter": {
      "flake": false,
      "locked": {
        "lastModified": 1650880862,
        "narHash": "sha256-ZQ2VSrXcUEcy+1lbdvK/pnz3Ppp1lDr38g/z7OvhH8o=",
        "owner": "ray-x",
        "repo": "cmp-treesitter",
        "rev": "c5187c31abd081ecef8b41e5eb476b7340442310",
        "type": "github"
      },
      "original": {
        "owner": "ray-x",
        "repo": "cmp-treesitter",
        "type": "github"
      }
    },
    "cmp-vsnip": {
      "flake": false,
      "locked": {
        "lastModified": 1636543683,
        "narHash": "sha256-7K3shsiGK7ISFXj9D9MPK7yRqIxeCrbj1IsggToWHO4=",
        "owner": "hrsh7th",
        "repo": "cmp-vsnip",
        "rev": "0abfa1860f5e095a07c477da940cfcb0d273b700",
        "type": "github"
      },
      "original": {
        "owner": "hrsh7th",
        "repo": "cmp-vsnip",
        "type": "github"
      }
    },
    "crates-nvim": {
      "flake": false,
      "locked": {
        "lastModified": 1653904913,
        "narHash": "sha256-WoXpSJLp4pLTVD58KO5oTV9NJXMPlJ8oNkrd99EdpcM=",
        "owner": "Saecki",
        "repo": "crates.nvim",
        "rev": "cceea1a4f2d0131f43b6d17ad5c793aded19443b",
        "type": "github"
      },
      "original": {
        "owner": "Saecki",
        "repo": "crates.nvim",
        "type": "github"
      }
    },
    "flake-compat": {
      "flake": false,
      "locked": {
        "lastModified": 1650374568,
        "narHash": "sha256-Z+s0J8/r907g149rllvwhb4pKi8Wam5ij0st8PwAh+E=",
        "owner": "edolstra",
        "repo": "flake-compat",
        "rev": "b4a34015c698c7793d592d66adbab377907a2be8",
        "type": "github"
      },
      "original": {
        "owner": "edolstra",
        "repo": "flake-compat",
        "type": "github"
      }
    },
    "flake-compat_2": {
      "flake": false,
      "locked": {
        "lastModified": 1650374568,
        "narHash": "sha256-Z+s0J8/r907g149rllvwhb4pKi8Wam5ij0st8PwAh+E=",
        "owner": "edolstra",
        "repo": "flake-compat",
        "rev": "b4a34015c698c7793d592d66adbab377907a2be8",
        "type": "github"
      },
      "original": {
        "owner": "edolstra",
        "repo": "flake-compat",
        "type": "github"
      }
    },
    "flake-utils": {
      "locked": {
        "lastModified": 1653893745,
        "narHash": "sha256-0jntwV3Z8//YwuOjzhV2sgJJPt+HY6KhU7VZUL0fKZQ=",
        "owner": "numtide",
        "repo": "flake-utils",
        "rev": "1ed9fb1935d260de5fe1c2f7ee0ebaae17ed2fa1",
        "type": "github"
      },
      "original": {
        "owner": "numtide",
        "repo": "flake-utils",
        "type": "github"
      }
    },
    "flake-utils_2": {
      "locked": {
        "lastModified": 1653893745,
        "narHash": "sha256-0jntwV3Z8//YwuOjzhV2sgJJPt+HY6KhU7VZUL0fKZQ=",
        "owner": "numtide",
        "repo": "flake-utils",
        "rev": "1ed9fb1935d260de5fe1c2f7ee0ebaae17ed2fa1",
        "type": "github"
      },
      "original": {
        "id": "flake-utils",
        "type": "indirect"
      }
    },
    "flake-utils_3": {
      "locked": {
        "lastModified": 1644229661,
        "narHash": "sha256-1YdnJAsNy69bpcjuoKdOYQX0YxZBiCYZo4Twxerqv7k=",
        "owner": "numtide",
        "repo": "flake-utils",
        "rev": "3cecb5b042f7f209c56ffd8371b2711a290ec797",
        "type": "github"
      },
      "original": {
        "owner": "numtide",
        "repo": "flake-utils",
        "type": "github"
      }
    },
    "gitsigns-nvim": {
      "flake": false,
      "locked": {
        "lastModified": 1653566153,
        "narHash": "sha256-JoeK8ZZYA00gF7MFwU2ukJjdz3HZGaW7IT03y445oRI=",
        "owner": "lewis6991",
        "repo": "gitsigns.nvim",
        "rev": "27aeb2e715c32cbb99aa0b326b31739464b61644",
        "type": "github"
      },
      "original": {
        "owner": "lewis6991",
        "repo": "gitsigns.nvim",
        "type": "github"
      }
    },
    "glow-nvim": {
      "flake": false,
      "locked": {
        "lastModified": 1654541938,
        "narHash": "sha256-drPIDZLogKL9pzqynFa3g3e+XBCwOi4X16NEzDINIg4=",
        "owner": "ellisonleao",
        "repo": "glow.nvim",
        "rev": "ef86fff7371974fd69aab1fd926bafb76893bb1b",
        "type": "github"
      },
      "original": {
        "owner": "ellisonleao",
        "repo": "glow.nvim",
        "type": "github"
      }
    },
    "hare-vim": {
      "flake": false,
      "locked": {
        "lastModified": 1653298020,
        "narHash": "sha256-lu+d0pO/KifQ3ON5cywx1zBHnbIkOTwGFW5Ya5NPuAk=",
        "ref": "refs/heads/master",
        "rev": "ad43995e5c27bc5a7fdbfc7a5be0909b332e4906",
        "revCount": 45,
        "type": "git",
        "url": "https://git.sr.ht/~sircmpwn/hare.vim"
      },
      "original": {
        "type": "git",
        "url": "https://git.sr.ht/~sircmpwn/hare.vim"
      }
    },
    "indent-blankline": {
      "flake": false,
      "locked": {
        "lastModified": 1653381642,
        "narHash": "sha256-V020Sd2AcbEUvlnXffCDFBgVZnHCVUO16bfKJNn6Xq8=",
        "owner": "lukas-reineke",
        "repo": "indent-blankline.nvim",
        "rev": "6177a59552e35dfb69e1493fd68194e673dc3ee2",
        "type": "github"
      },
      "original": {
        "owner": "lukas-reineke",
        "repo": "indent-blankline.nvim",
        "type": "github"
      }
    },
    "jdpkgs": {
      "inputs": {
        "nixpkgs": [
          "neovim-flake",
          "nixpkgs"
        ]
      },
      "locked": {
        "lastModified": 1650916274,
        "narHash": "sha256-TmA78JJqw4mhret5DFVZN+H8vR1eg6w/JxjGCuERZjs=",
        "owner": "jordanisaacs",
        "repo": "jdpkgs",
        "rev": "eb6d3e9fd75ef4cf9f3e11a015c26f579151eb10",
        "type": "github"
      },
      "original": {
        "owner": "jordanisaacs",
        "repo": "jdpkgs",
        "type": "github"
      }
    },
    "kommentary": {
      "flake": false,
      "locked": {
        "lastModified": 1653669469,
        "narHash": "sha256-YPIV/y4BPna2yqDGKxfjDnC6eZGMqOunYrTv1uLd/NE=",
        "owner": "b3nj5m1n",
        "repo": "kommentary",
        "rev": "533d768a140b248443da8346b88e88db704212ab",
        "type": "github"
      },
      "original": {
        "owner": "b3nj5m1n",
        "repo": "kommentary",
        "type": "github"
      }
    },
    "lowdown-src": {
      "flake": false,
      "locked": {
        "lastModified": 1633514407,
        "narHash": "sha256-Dw32tiMjdK9t3ETl5fzGrutQTzh2rufgZV4A/BbxuD4=",
        "owner": "kristapsdz",
        "repo": "lowdown",
        "rev": "d2c2b44ff6c27b936ec27358a2653caaef8f73b8",
        "type": "github"
      },
      "original": {
        "owner": "kristapsdz",
        "repo": "lowdown",
        "type": "github"
      }
    },
    "lsp-signature": {
      "flake": false,
      "locked": {
        "lastModified": 1653564320,
        "narHash": "sha256-N4ISxE3rxWovfprkZfuFcOmtAAemZhx5HxT1GmpXttA=",
        "owner": "ray-x",
        "repo": "lsp_signature.nvim",
        "rev": "9ccee20602a10843e3ea3ebc2536dfdcc6cee9a3",
        "type": "github"
      },
      "original": {
        "owner": "ray-x",
        "repo": "lsp_signature.nvim",
        "type": "github"
      }
    },
    "lspkind": {
      "flake": false,
      "locked": {
        "lastModified": 1650298271,
        "narHash": "sha256-0103K5lnzWCyuT/qwiBUo5PJ7lUX7fo+zNeEnQClI7A=",
        "owner": "onsails",
        "repo": "lspkind-nvim",
        "rev": "57e5b5dfbe991151b07d272a06e365a77cc3d0e7",
        "type": "github"
      },
      "original": {
        "owner": "onsails",
        "repo": "lspkind-nvim",
        "type": "github"
      }
    },
    "lspsaga": {
      "flake": false,
      "locked": {
        "lastModified": 1654178217,
        "narHash": "sha256-Z/2Zacj6EoRDs11seGUbp+LXhzDImmrfz72Mkhf0w8Y=",
        "owner": "tami5",
        "repo": "lspsaga.nvim",
        "rev": "e4beaeff66ae4f70d0b67fe045b70d78780bb947",
        "type": "github"
      },
      "original": {
        "owner": "tami5",
        "repo": "lspsaga.nvim",
        "type": "github"
      }
    },
    "lualine": {
      "flake": false,
      "locked": {
        "lastModified": 1653920738,
        "narHash": "sha256-W8/O76Y/zDuGD9iGsRz7eBNevVe7NBpZcwtyC/+B010=",
        "owner": "hoob3rt",
        "repo": "lualine.nvim",
        "rev": "3362b28f917acc37538b1047f187ff1b5645ecdd",
        "type": "github"
      },
      "original": {
        "owner": "hoob3rt",
        "repo": "lualine.nvim",
        "type": "github"
      }
    },
    "naersk": {
      "inputs": {
        "nixpkgs": "nixpkgs_2"
      },
      "locked": {
        "lastModified": 1639947939,
        "narHash": "sha256-pGsM8haJadVP80GFq4xhnSpNitYNQpaXk4cnA796Cso=",
        "owner": "nix-community",
        "repo": "naersk",
        "rev": "2fc8ce9d3c025d59fee349c1f80be9785049d653",
        "type": "github"
      },
      "original": {
        "owner": "nix-community",
        "repo": "naersk",
        "type": "github"
      }
    },
    "neovim-flake": {
      "inputs": {
        "bufdelete-nvim": "bufdelete-nvim",
        "cmp-buffer": "cmp-buffer",
        "cmp-nvim-lsp": "cmp-nvim-lsp",
        "cmp-path": "cmp-path",
        "cmp-treesitter": "cmp-treesitter",
        "cmp-vsnip": "cmp-vsnip",
        "crates-nvim": "crates-nvim",
        "flake-utils": "flake-utils_2",
        "gitsigns-nvim": "gitsigns-nvim",
        "glow-nvim": "glow-nvim",
        "hare-vim": "hare-vim",
        "indent-blankline": "indent-blankline",
        "jdpkgs": "jdpkgs",
        "kommentary": "kommentary",
        "lsp-signature": "lsp-signature",
        "lspkind": "lspkind",
        "lspsaga": "lspsaga",
        "lualine": "lualine",
        "neovim-overlay": "neovim-overlay",
        "nixpkgs": "nixpkgs",
        "null-ls": "null-ls",
        "nvim-autopairs": "nvim-autopairs",
        "nvim-bufferline-lua": "nvim-bufferline-lua",
        "nvim-cmp": "nvim-cmp",
        "nvim-code-action-menu": "nvim-code-action-menu",
        "nvim-compe": "nvim-compe",
        "nvim-cursorline": "nvim-cursorline",
        "nvim-lightbulb": "nvim-lightbulb",
        "nvim-lspconfig": "nvim-lspconfig",
        "nvim-neoclip": "nvim-neoclip",
        "nvim-tree-lua": "nvim-tree-lua",
        "nvim-treesitter": "nvim-treesitter",
        "nvim-treesitter-context": "nvim-treesitter-context",
        "nvim-ts-autotag": "nvim-ts-autotag",
        "nvim-web-devicons": "nvim-web-devicons",
        "onedark": "onedark",
        "plenary-nvim": "plenary-nvim",
        "registers": "registers",
        "rnix-lsp": "rnix-lsp",
        "rust-tools": "rust-tools",
        "sqls-nvim": "sqls-nvim",
        "telescope": "telescope",
        "todo-comments": "todo-comments",
        "tokyonight": "tokyonight",
        "tree-sitter-hare": "tree-sitter-hare",
        "trouble": "trouble",
        "vim-vsnip": "vim-vsnip",
        "which-key": "which-key"
      },
      "locked": {
        "lastModified": 1653005753,
        "narHash": "sha256-P1uyEhMXcpzrj+zAguOksvHKUeYu4AgYK2kdIfs2pIo=",
        "owner": "jordanisaacs",
        "repo": "neovim-flake",
        "rev": "07572dadad7f43bc5fbe196a5a574ad2d2faabec",
        "type": "github"
      },
      "original": {
        "owner": "jordanisaacs",
        "repo": "neovim-flake",
        "type": "github"
      }
    },
    "neovim-flake_2": {
      "inputs": {
        "flake-utils": "flake-utils_3",
        "nixpkgs": [
          "neovim-flake",
          "neovim-overlay",
          "nixpkgs"
        ]
      },
      "locked": {
        "dir": "contrib",
        "lastModified": 1654617332,
        "narHash": "sha256-nXE6z01X91TQhSRdyKoWIn7hNWHJxkW+UEHuKOwt1/8=",
        "owner": "neovim",
        "repo": "neovim",
        "rev": "3cd22a34852b7453eecb4715806cc09dcc226e0c",
        "type": "github"
      },
      "original": {
        "dir": "contrib",
        "owner": "neovim",
        "repo": "neovim",
        "type": "github"
      }
    },
    "neovim-overlay": {
      "inputs": {
        "flake-compat": "flake-compat_2",
        "neovim-flake": "neovim-flake_2",
        "nixpkgs": [
          "neovim-flake",
          "nixpkgs"
        ]
      },
      "locked": {
        "lastModified": 1654676311,
        "narHash": "sha256-lP0tPKAyz1BFUjJFSmTMzOGi9D7YfLOh4R/EC3wUpgM=",
        "owner": "nix-community",
        "repo": "neovim-nightly-overlay",
        "rev": "0367f1f4a36afd5446d76c240bfa2ca782ea41aa",
        "type": "github"
      },
      "original": {
        "owner": "nix-community",
        "repo": "neovim-nightly-overlay",
        "type": "github"
      }
    },
    "nix": {
      "inputs": {
        "lowdown-src": "lowdown-src",
        "nixpkgs": "nixpkgs_4",
        "nixpkgs-regression": "nixpkgs-regression"
      },
      "locked": {
        "lastModified": 1654688049,
        "narHash": "sha256-9uWAdw2HF0CRQi7hdRKn272IGYmI8jwlwwF4/NeE6bs=",
        "owner": "NixOS",
        "repo": "nix",
        "rev": "694b12052a2f3c830daa3acc7696b31a04afe329",
        "type": "github"
      },
      "original": {
        "owner": "NixOS",
        "repo": "nix",
        "type": "github"
      }
    },
    "nixpkgs": {
      "locked": {
        "lastModified": 1643087856,
        "narHash": "sha256-EreC7gP/T566PDRZjqNoTvByTyvABEpJpWFtyNUDS0Y=",
        "owner": "nixos",
        "repo": "nixpkgs",
        "rev": "8bd55a6a5ab05942af769c2aa2494044bff7f625",
        "type": "github"
      },
      "original": {
        "owner": "nixos",
        "ref": "nixpkgs-unstable",
        "repo": "nixpkgs",
        "type": "github"
      }
    },
    "nixpkgs-regression": {
      "locked": {
        "lastModified": 1643052045,
        "narHash": "sha256-uGJ0VXIhWKGXxkeNnq4TvV3CIOkUJ3PAoLZ3HMzNVMw=",
        "owner": "NixOS",
        "repo": "nixpkgs",
        "rev": "215d4d0fd80ca5163643b03a33fde804a29cc1e2",
        "type": "github"
      },
      "original": {
        "owner": "NixOS",
        "repo": "nixpkgs",
        "rev": "215d4d0fd80ca5163643b03a33fde804a29cc1e2",
        "type": "github"
      }
    },
    "nixpkgs-unstable": {
      "locked": {
        "lastModified": 1654593855,
        "narHash": "sha256-c+SyXvj7THre87OyIdZfRVR+HhI/g1ZDrQ3VUtTuHkU=",
        "owner": "NixOS",
        "repo": "nixpkgs",
        "rev": "033bd4fa9a8fbe0c68a88e925d9a884161044b25",
        "type": "github"
      },
      "original": {
        "id": "nixpkgs",
        "ref": "nixos-unstable",
        "type": "indirect"
      }
    },
    "nixpkgs_2": {
      "locked": {
        "lastModified": 1643087856,
        "narHash": "sha256-EreC7gP/T566PDRZjqNoTvByTyvABEpJpWFtyNUDS0Y=",
        "owner": "NixOS",
        "repo": "nixpkgs",
        "rev": "8bd55a6a5ab05942af769c2aa2494044bff7f625",
        "type": "github"
      },
      "original": {
        "id": "nixpkgs",
        "type": "indirect"
      }
    },
    "nixpkgs_3": {
      "locked": {
        "lastModified": 1630481079,
        "narHash": "sha256-leWXLchbAbqOlLT6tju631G40SzQWPqaAXQG3zH1Imw=",
        "owner": "nixos",
        "repo": "nixpkgs",
        "rev": "110a2c9ebbf5d4a94486854f18a37a938cfacbbb",
        "type": "github"
      },
      "original": {
        "owner": "nixos",
        "ref": "nixos-21.05",
        "repo": "nixpkgs",
        "type": "github"
      }
    },
    "nixpkgs_4": {
      "locked": {
        "lastModified": 1653988320,
        "narHash": "sha256-ZaqFFsSDipZ6KVqriwM34T739+KLYJvNmCWzErjAg7c=",
        "owner": "NixOS",
        "repo": "nixpkgs",
        "rev": "2fa57ed190fd6c7c746319444f34b5917666e5c1",
        "type": "github"
      },
      "original": {
        "owner": "NixOS",
        "ref": "nixos-22.05-small",
        "repo": "nixpkgs",
        "type": "github"
      }
    },
    "nixpkgs_5": {
      "locked": {
        "lastModified": 1654622265,
        "narHash": "sha256-AltUA8bPbXeRgzcDhQEURVHqQhTByxk6Xtgf+CYmEFk=",
        "owner": "nixos",
        "repo": "nixpkgs",
        "rev": "11e805f9935f6ab4b049351ac14f2d1aa93cf1d3",
        "type": "github"
      },
      "original": {
        "owner": "nixos",
        "ref": "nixos-22.05",
        "repo": "nixpkgs",
        "type": "github"
      }
    },
    "null-ls": {
      "flake": false,
      "locked": {
        "lastModified": 1654564714,
        "narHash": "sha256-eIuzmPYtSeu2rhXzOmpsY93f9B5XG3lYZOIA7v30wUc=",
        "owner": "jose-elias-alvarez",
        "repo": "null-ls.nvim",
        "rev": "474372a8e553b336b1039a1060b4c07a5f6ac03e",
        "type": "github"
      },
      "original": {
        "owner": "jose-elias-alvarez",
        "repo": "null-ls.nvim",
        "type": "github"
      }
    },
    "nvim-autopairs": {
      "flake": false,
      "locked": {
        "lastModified": 1654668374,
        "narHash": "sha256-vgI6sK2r5MT1hUJRkWMx6zm/ojMBedORUFJCsXrbxZs=",
        "owner": "windwp",
        "repo": "nvim-autopairs",
        "rev": "5dad9ad3776bcb21e57219c936131a2e7b14d43d",
        "type": "github"
      },
      "original": {
        "owner": "windwp",
        "repo": "nvim-autopairs",
        "type": "github"
      }
    },
    "nvim-bufferline-lua": {
      "flake": false,
      "locked": {
        "lastModified": 1650105928,
        "narHash": "sha256-RhAaRFGDoHZAr8SLgbtLtuQ2J9z5hbvMH14FDhHOLXU=",
        "owner": "akinsho",
        "repo": "nvim-bufferline.lua",
        "rev": "0a83c615a8ab49718d9b4cdc60127003307829b2",
        "type": "github"
      },
      "original": {
        "owner": "akinsho",
        "ref": "v1.2.0",
        "repo": "nvim-bufferline.lua",
        "type": "github"
      }
    },
    "nvim-cmp": {
      "flake": false,
      "locked": {
        "lastModified": 1654662754,
        "narHash": "sha256-BPp1xstmFYnTJIS5zf3qmGk5jAGJe+bxK9k2mQnVyRs=",
        "owner": "hrsh7th",
        "repo": "nvim-cmp",
        "rev": "ce643c12f1874207323fa59d50f819748c5bf4cc",
        "type": "github"
      },
      "original": {
        "owner": "hrsh7th",
        "repo": "nvim-cmp",
        "type": "github"
      }
    },
    "nvim-code-action-menu": {
      "flake": false,
      "locked": {
        "lastModified": 1653835393,
        "narHash": "sha256-nG6lasCs7VeJfj5eV/oH9OfJbSaEaAOOM98R72xudCY=",
        "owner": "weilbith",
        "repo": "nvim-code-action-menu",
        "rev": "ee599409ed6ab31f6d7115e9c5c4550336470c14",
        "type": "github"
      },
      "original": {
        "owner": "weilbith",
        "repo": "nvim-code-action-menu",
        "type": "github"
      }
    },
    "nvim-compe": {
      "flake": false,
      "locked": {
        "lastModified": 1633188506,
        "narHash": "sha256-Y2oqvsuAKM3qjmmtJVD9z34682eCRF25kPL+rxhhg7I=",
        "owner": "hrsh7th",
        "repo": "nvim-compe",
        "rev": "d186d739c54823e0b010feb205c6f97792322c08",
        "type": "github"
      },
      "original": {
        "owner": "hrsh7th",
        "repo": "nvim-compe",
        "type": "github"
      }
    },
    "nvim-cursorline": {
      "flake": false,
      "locked": {
        "lastModified": 1650034925,
        "narHash": "sha256-Uhw65p1KBjs8KsVOmTzuiu3XKclxBob8AVdWEt30C/8=",
        "owner": "yamatsum",
        "repo": "nvim-cursorline",
        "rev": "804f0023692653b2b2368462d67d2a87056947f9",
        "type": "github"
      },
      "original": {
        "owner": "yamatsum",
        "repo": "nvim-cursorline",
        "type": "github"
      }
    },
    "nvim-lightbulb": {
      "flake": false,
      "locked": {
        "lastModified": 1636766265,
        "narHash": "sha256-vxxYKJzX8hsky32Z+Tr3qYYCS0+3TDiQIg2U8/4U2qo=",
        "owner": "kosayoda",
        "repo": "nvim-lightbulb",
        "rev": "cd5267d2d708e908dbd668c7de74e1325eb1e1da",
        "type": "github"
      },
      "original": {
        "owner": "kosayoda",
        "repo": "nvim-lightbulb",
        "type": "github"
      }
    },
    "nvim-lspconfig": {
      "flake": false,
      "locked": {
        "lastModified": 1649985901,
        "narHash": "sha256-qU9D2bGRS6gDIxY8pgjwTVEwDTa8GXHUUQkXk9pBK/U=",
        "owner": "neovim",
        "repo": "nvim-lspconfig",
        "rev": "99596a8cabb050c6eab2c049e9acde48f42aafa4",
        "type": "github"
      },
      "original": {
        "owner": "neovim",
        "ref": "v0.1.3",
        "repo": "nvim-lspconfig",
        "type": "github"
      }
    },
    "nvim-neoclip": {
      "flake": false,
      "locked": {
        "lastModified": 1652294175,
        "narHash": "sha256-Wz+JxgmdKJae6SW6q6qgOmV9ewhXZL9bcyVE3I8xFxQ=",
        "owner": "AckslD",
        "repo": "nvim-neoclip.lua",
        "rev": "5520ad7b24b0c4bc0b5371eef2492e787aa59a3a",
        "type": "github"
      },
      "original": {
        "owner": "AckslD",
        "repo": "nvim-neoclip.lua",
        "type": "github"
      }
    },
    "nvim-tree-lua": {
      "flake": false,
      "locked": {
        "lastModified": 1642778029,
        "narHash": "sha256-7P63ixnOMhUdEP2JfXz7HxE6Z5c8Wm8tQw0iPLRhgqA=",
        "owner": "kyazdani42",
        "repo": "nvim-tree.lua",
        "rev": "2dfed89af7724f9e71d2fdbe3cde791a93e9b9e0",
        "type": "github"
      },
      "original": {
        "owner": "kyazdani42",
        "repo": "nvim-tree.lua",
        "type": "github"
      }
    },
    "nvim-treesitter": {
      "flake": false,
      "locked": {
        "lastModified": 1643144540,
        "narHash": "sha256-6Ooba0z6ggtJSoSDpAY0QeM9jXv6oBWokm87xtt4VDg=",
        "owner": "nvim-treesitter",
        "repo": "nvim-treesitter",
        "rev": "620cc936ad6b26c59bb2d888b3890bb8d06c50c7",
        "type": "github"
      },
      "original": {
        "owner": "nvim-treesitter",
        "repo": "nvim-treesitter",
        "type": "github"
      }
    },
    "nvim-treesitter-context": {
      "flake": false,
      "locked": {
        "lastModified": 1652175020,
        "narHash": "sha256-dYw/Y6+Eni7gTSjvCCl7E6ho8xSTxDYAwH3xGEhf54Q=",
        "owner": "lewis6991",
        "repo": "nvim-treesitter-context",
        "rev": "c931a3136a696c1827eda78ac678aea542115bd0",
        "type": "github"
      },
      "original": {
        "owner": "lewis6991",
        "repo": "nvim-treesitter-context",
        "type": "github"
      }
    },
    "nvim-ts-autotag": {
      "flake": false,
      "locked": {
        "lastModified": 1650591994,
        "narHash": "sha256-YsqWrmsbp0NhCrnJQo8Df6yQr4f0shS6GdcEQaHdJDE=",
        "owner": "windwp",
        "repo": "nvim-ts-autotag",
        "rev": "044a05c4c51051326900a53ba98fddacd15fea22",
        "type": "github"
      },
      "original": {
        "owner": "windwp",
        "repo": "nvim-ts-autotag",
        "type": "github"
      }
    },
    "nvim-web-devicons": {
      "flake": false,
      "locked": {
        "lastModified": 1642530817,
        "narHash": "sha256-3zigwYJrw3gocsF2WqHMBS4cFkTyj78StiSP3o9S0N0=",
        "owner": "kyazdani42",
        "repo": "nvim-web-devicons",
        "rev": "634e26818f2bea9161b7efa76735746838971824",
        "type": "github"
      },
      "original": {
        "owner": "kyazdani42",
        "repo": "nvim-web-devicons",
        "type": "github"
      }
    },
    "onedark": {
      "flake": false,
      "locked": {
        "lastModified": 1653075878,
        "narHash": "sha256-4G1wiWRxRLsSx+TB63HxO/hgipb4khPXuh6wMljJcIE=",
        "owner": "navarasu",
        "repo": "onedark.nvim",
        "rev": "bd0560df2acd17483ae0e707765ca87e95587b10",
        "type": "github"
      },
      "original": {
        "owner": "navarasu",
        "repo": "onedark.nvim",
        "type": "github"
      }
    },
    "plenary-nvim": {
      "flake": false,
      "locked": {
        "lastModified": 1641403390,
        "narHash": "sha256-mHcBRO9zJGyeSMBYEPUk6nejwhj9Yy5UF4Wq7EyRmsQ=",
        "owner": "nvim-lua",
        "repo": "plenary.nvim",
        "rev": "563d9f6d083f0514548f2ac4ad1888326d0a1c66",
        "type": "github"
      },
      "original": {
        "owner": "nvim-lua",
        "repo": "plenary.nvim",
        "type": "github"
      }
    },
    "registers": {
      "flake": false,
      "locked": {
        "lastModified": 1652987789,
        "narHash": "sha256-kJWRpNpMQ1ZF5iRhNv45ZaICMwR1hb7bekfNiPZrATo=",
        "owner": "tversteeg",
        "repo": "registers.nvim",
        "rev": "f354159d34bc17553ad772c633fd7caff8ecb35c",
        "type": "github"
      },
      "original": {
        "owner": "tversteeg",
        "repo": "registers.nvim",
        "type": "github"
      }
    },
    "rnix-lsp": {
      "inputs": {
        "naersk": "naersk",
        "nixpkgs": "nixpkgs_3",
        "utils": "utils"
      },
      "locked": {
        "lastModified": 1640347520,
        "narHash": "sha256-UkieGBW9ap0pQbumYoG60Ed+BpzMRGuLQ6Zb41u7Fkk=",
        "owner": "nix-community",
        "repo": "rnix-lsp",
        "rev": "d7cc2887ac9e65dd01715aac472edbf46b93ed31",
        "type": "github"
      },
      "original": {
        "owner": "nix-community",
        "repo": "rnix-lsp",
        "type": "github"
      }
    },
    "root": {
      "inputs": {
        "flake-compat": "flake-compat",
        "flake-utils": "flake-utils",
        "neovim-flake": "neovim-flake",
        "nix": "nix",
        "nixpkgs": "nixpkgs_5",
        "nixpkgs-unstable": "nixpkgs-unstable"
      }
    },
    "rust-tools": {
      "flake": false,
      "locked": {
        "lastModified": 1652859719,
        "narHash": "sha256-ubO9Xoeg7ZSRJinMM1iZ8KF4sHHuQ7Npo/wqliSXvE0=",
        "owner": "simrat39",
        "repo": "rust-tools.nvim",
        "rev": "11dcd674781ba68a951ab4c7b740553cae8fe671",
        "type": "github"
      },
      "original": {
        "owner": "simrat39",
        "repo": "rust-tools.nvim",
        "type": "github"
      }
    },
    "sqls-nvim": {
      "flake": false,
      "locked": {
        "lastModified": 1652904528,
        "narHash": "sha256-5+MTd0RmYX065UzwKN+HvtOoGnQsM5S1D1Oh79gGF7A=",
        "owner": "nanotee",
        "repo": "sqls.nvim",
        "rev": "6592b0cb7fb52746c7650d19a66ac60ff0f9ba08",
        "type": "github"
      },
      "original": {
        "owner": "nanotee",
        "repo": "sqls.nvim",
        "type": "github"
      }
    },
    "telescope": {
      "flake": false,
      "locked": {
        "lastModified": 1654502820,
        "narHash": "sha256-R8xjY1mF0L33vYA1zeWFzlJE2C3P7tjcBnZpuGgiARg=",
        "owner": "nvim-telescope",
        "repo": "telescope.nvim",
        "rev": "e6b69b1488c598ff7b461c4d9cecad57ef708f9b",
        "type": "github"
      },
      "original": {
        "owner": "nvim-telescope",
        "repo": "telescope.nvim",
        "type": "github"
      }
    },
    "todo-comments": {
      "flake": false,
      "locked": {
        "lastModified": 1642601933,
        "narHash": "sha256-8uj5TxO9XZlSCB4lVRbKRc1IlUEKcBf/4bDviwuxEgs=",
        "owner": "folke",
        "repo": "todo-comments.nvim",
        "rev": "98b1ebf198836bdc226c0562b9f906584e6c400e",
        "type": "github"
      },
      "original": {
        "owner": "folke",
        "repo": "todo-comments.nvim",
        "type": "github"
      }
    },
    "tokyonight": {
      "flake": false,
      "locked": {
        "lastModified": 1640940199,
        "narHash": "sha256-EUiuGaX//mqv8v+UWfOQwxvV6UaQq1ZjdlqOpQAE7+c=",
        "owner": "folke",
        "repo": "tokyonight.nvim",
        "rev": "8223c970677e4d88c9b6b6d81bda23daf11062bb",
        "type": "github"
      },
      "original": {
        "owner": "folke",
        "repo": "tokyonight.nvim",
        "type": "github"
      }
    },
    "tree-sitter-hare": {
      "flake": false,
      "locked": {
        "lastModified": 1618403902,
        "narHash": "sha256-u8mqBVMxbaFQB6uQTcd5Cln6kRAZQ9blqa2TwPvJkUI=",
        "ref": "refs/heads/master",
        "rev": "bc26a6a949f2e0d98b7bfc437d459b250900a165",
        "revCount": 8,
        "type": "git",
        "url": "https://git.sr.ht/~ecmma/tree-sitter-hare"
      },
      "original": {
        "type": "git",
        "url": "https://git.sr.ht/~ecmma/tree-sitter-hare"
      }
    },
    "trouble": {
      "flake": false,
      "locked": {
        "lastModified": 1652074521,
        "narHash": "sha256-YfhujgR+EGtvBVAk7VSIWudyUIXVv+LQVPBV9FMuRKk=",
        "owner": "folke",
        "repo": "trouble.nvim",
        "rev": "da61737d860ddc12f78e638152834487eabf0ee5",
        "type": "github"
      },
      "original": {
        "owner": "folke",
        "repo": "trouble.nvim",
        "type": "github"
      }
    },
    "utils": {
      "locked": {
        "lastModified": 1629481132,
        "narHash": "sha256-JHgasjPR0/J1J3DRm4KxM4zTyAj4IOJY8vIl75v/kPI=",
        "owner": "numtide",
        "repo": "flake-utils",
        "rev": "997f7efcb746a9c140ce1f13c72263189225f482",
        "type": "github"
      },
      "original": {
        "owner": "numtide",
        "repo": "flake-utils",
        "type": "github"
      }
    },
    "vim-vsnip": {
      "flake": false,
      "locked": {
        "lastModified": 1650631622,
        "narHash": "sha256-USltEc6QGHwMqx7E9wo9qZmq+pm9FLj0CUcKoE7KPLU=",
        "owner": "hrsh7th",
        "repo": "vim-vsnip",
        "rev": "8f199ef690ed26dcbb8973d9a6760d1332449ac9",
        "type": "github"
      },
      "original": {
        "owner": "hrsh7th",
        "repo": "vim-vsnip",
        "type": "github"
      }
    },
    "which-key": {
      "flake": false,
      "locked": {
        "lastModified": 1651651877,
        "narHash": "sha256-UoV9H3oVJL1BPmuG+/eU4cG1s7thOrcrPyat9npBxm0=",
        "owner": "folke",
        "repo": "which-key.nvim",
        "rev": "bd4411a2ed4dd8bb69c125e339d837028a6eea71",
        "type": "github"
      },
      "original": {
        "owner": "folke",
        "repo": "which-key.nvim",
        "type": "github"
      }
    }
  },
  "root": "root",
  "version": 7
}
